
Microsoft Visual Studio Solution File, Format Version 12.00
# Visual Studio 15
VisualStudioVersion = 15.0.27428.2002
MinimumVisualStudioVersion = 10.0.40219.1
Project("{FAE04EC0-301F-11D3-BF4B-00C04F79EFBC}") = "PinScraper", "PinScraper.csproj", "{97B009E7-07D7-4EB5-A08B-F00841656E18}"
EndProject
Global
	GlobalSection(SolutionConfigurationPlatforms) = preSolution
		Debug|Any CPU = Debug|Any CPU
		Release|Any CPU = Release|Any CPU
	EndGlobalSection
	GlobalSection(ProjectConfigurationPlatforms) = postSolution
		{97B009E7-07D7-4EB5-A08B-F00841656E18}.Debug|Any CPU.ActiveCfg = Debug|Any CPU
		{97B009E7-07D7-4EB5-A08B-F00841656E18}.Debug|Any CPU.Build.0 = Debug|Any CPU
		{97B009E7-07D7-4EB5-A08B-F00841656E18}.Release|Any CPU.ActiveCfg = Release|Any CPU
		{97B009E7-07D7-4EB5-A08B-F00841656E18}.Release|Any CPU.Build.0 = Release|Any CPU
	EndGlobalSection
	GlobalSection(SolutionProperties) = preSolution
		HideSolutionNode = FALSE
	EndGlobalSection
	GlobalSection(ExtensibilityGlobals) = postSolution
		SolutionGuid = {18F093B8-C697-40A0-8B79-C4BEABC6F9F4}
	EndGlobalSection
EndGlobal
