
Microsoft Visual Studio Solution File, Format Version 12.00
# Visual Studio Version 16
VisualStudioVersion = 16.0.29009.5
MinimumVisualStudioVersion = 10.0.40219.1
Project("{FAE04EC0-301F-11D3-BF4B-00C04F79EFBC}") = "PinScraper", "PinScraper.csproj", "{97B009E7-07D7-4EB5-A08B-F00841656E18}"
EndProject
Project("{9A19103F-16F7-4668-BE54-9A1E7A4F7556}") = "ChallongeApi", "ChallongeApi\ChallongeApi.csproj", "{5A30DC29-FDF5-4854-A6FB-1D8D120C03A5}"
EndProject
Project("{9A19103F-16F7-4668-BE54-9A1E7A4F7556}") = "ChallongeApiTests", "ChallongeApiTests\ChallongeApiTests.csproj", "{D410AF4C-A028-4849-B873-3B9CC8E01A26}"
EndProject
Global
	GlobalSection(SolutionConfigurationPlatforms) = preSolution
		Debug|Any CPU = Debug|Any CPU
		Release|Any CPU = Release|Any CPU
	EndGlobalSection
	GlobalSection(ProjectConfigurationPlatforms) = postSolution
		{97B009E7-07D7-4EB5-A08B-F00841656E18}.Debug|Any CPU.ActiveCfg = Debug|Any CPU
		{97B009E7-07D7-4EB5-A08B-F00841656E18}.Debug|Any CPU.Build.0 = Debug|Any CPU
		{97B009E7-07D7-4EB5-A08B-F00841656E18}.Release|Any CPU.ActiveCfg = Release|Any CPU
		{97B009E7-07D7-4EB5-A08B-F00841656E18}.Release|Any CPU.Build.0 = Release|Any CPU
		{5A30DC29-FDF5-4854-A6FB-1D8D120C03A5}.Debug|Any CPU.ActiveCfg = Debug|Any CPU
		{5A30DC29-FDF5-4854-A6FB-1D8D120C03A5}.Debug|Any CPU.Build.0 = Debug|Any CPU
		{5A30DC29-FDF5-4854-A6FB-1D8D120C03A5}.Release|Any CPU.ActiveCfg = Release|Any CPU
		{5A30DC29-FDF5-4854-A6FB-1D8D120C03A5}.Release|Any CPU.Build.0 = Release|Any CPU
		{D410AF4C-A028-4849-B873-3B9CC8E01A26}.Debug|Any CPU.ActiveCfg = Debug|Any CPU
		{D410AF4C-A028-4849-B873-3B9CC8E01A26}.Debug|Any CPU.Build.0 = Debug|Any CPU
		{D410AF4C-A028-4849-B873-3B9CC8E01A26}.Release|Any CPU.ActiveCfg = Release|Any CPU
		{D410AF4C-A028-4849-B873-3B9CC8E01A26}.Release|Any CPU.Build.0 = Release|Any CPU
	EndGlobalSection
	GlobalSection(SolutionProperties) = preSolution
		HideSolutionNode = FALSE
	EndGlobalSection
	GlobalSection(ExtensibilityGlobals) = postSolution
		SolutionGuid = {18F093B8-C697-40A0-8B79-C4BEABC6F9F4}
	EndGlobalSection
EndGlobal
